
Microsoft Visual Studio Solution File, Format Version 12.00
# Visual Studio Version 17
VisualStudioVersion = 17.11.35222.181
MinimumVisualStudioVersion = 10.0.40219.1
Project("{FAE04EC0-301F-11D3-BF4B-00C04F79EFBC}") = "DoNetTest.ConsoleApp", "DoNetTest.ConsoleApp\DoNetTest.ConsoleApp.csproj", "{4595EC5E-F4B7-4BE0-8F36-80CF3843C18E}"
EndProject
Global
	GlobalSection(SolutionConfigurationPlatforms) = preSolution
		Debug|Any CPU = Debug|Any CPU
		Release|Any CPU = Release|Any CPU
	EndGlobalSection
	GlobalSection(ProjectConfigurationPlatforms) = postSolution
		{4595EC5E-F4B7-4BE0-8F36-80CF3843C18E}.Debug|Any CPU.ActiveCfg = Debug|Any CPU
		{4595EC5E-F4B7-4BE0-8F36-80CF3843C18E}.Debug|Any CPU.Build.0 = Debug|Any CPU
		{4595EC5E-F4B7-4BE0-8F36-80CF3843C18E}.Release|Any CPU.ActiveCfg = Release|Any CPU
		{4595EC5E-F4B7-4BE0-8F36-80CF3843C18E}.Release|Any CPU.Build.0 = Release|Any CPU
	EndGlobalSection
	GlobalSection(SolutionProperties) = preSolution
		HideSolutionNode = FALSE
	EndGlobalSection
	GlobalSection(ExtensibilityGlobals) = postSolution
		SolutionGuid = {F1030D9A-9B9B-4CD2-B042-98E0F5922E38}
	EndGlobalSection
EndGlobal
